
Microsoft Visual Studio Solution File, Format Version 12.00
# Visual Studio Version 17
VisualStudioVersion = 17.0.32112.339
MinimumVisualStudioVersion = 10.0.40219.1
Project("{8BC9CEB8-8B4A-11D0-8D11-00A0C91BC942}") = "aquarius-emu", "aquarius-emu.vcxproj", "{DA91B001-4FCF-4F72-80D5-D9658DFB0329}"
EndProject
Global
	GlobalSection(SolutionConfigurationPlatforms) = preSolution
		BT Cart w AY|x64 = BT Cart w AY|x64
		BT Cart w AY|x86 = BT Cart w AY|x86
		BT Cart|x64 = BT Cart|x64
		BT Cart|x86 = BT Cart|x86
		DD Cart|x64 = DD Cart|x64
		DD Cart|x86 = DD Cart|x86
		Debug|x64 = Debug|x64
		Debug|x86 = Debug|x86
		Demo|x64 = Demo|x64
		Demo|x86 = Demo|x86
		PT3 Player|x64 = PT3 Player|x64
		PT3 Player|x86 = PT3 Player|x86
		Release|x64 = Release|x64
		Release|x86 = Release|x86
		USB|x64 = USB|x64
		USB|x86 = USB|x86
	EndGlobalSection
	GlobalSection(ProjectConfigurationPlatforms) = postSolution
		{DA91B001-4FCF-4F72-80D5-D9658DFB0329}.BT Cart w AY|x64.ActiveCfg = BT Cart w AY|x64
		{DA91B001-4FCF-4F72-80D5-D9658DFB0329}.BT Cart w AY|x64.Build.0 = BT Cart w AY|x64
		{DA91B001-4FCF-4F72-80D5-D9658DFB0329}.BT Cart w AY|x86.ActiveCfg = BT Cart w AY|Win32
		{DA91B001-4FCF-4F72-80D5-D9658DFB0329}.BT Cart w AY|x86.Build.0 = BT Cart w AY|Win32
		{DA91B001-4FCF-4F72-80D5-D9658DFB0329}.BT Cart|x64.ActiveCfg = BT Cart no AY|x64
		{DA91B001-4FCF-4F72-80D5-D9658DFB0329}.BT Cart|x64.Build.0 = BT Cart no AY|x64
		{DA91B001-4FCF-4F72-80D5-D9658DFB0329}.BT Cart|x86.ActiveCfg = BT Cart no AY|Win32
		{DA91B001-4FCF-4F72-80D5-D9658DFB0329}.BT Cart|x86.Build.0 = BT Cart no AY|Win32
		{DA91B001-4FCF-4F72-80D5-D9658DFB0329}.DD Cart|x64.ActiveCfg = DD Cart|x64
		{DA91B001-4FCF-4F72-80D5-D9658DFB0329}.DD Cart|x64.Build.0 = DD Cart|x64
		{DA91B001-4FCF-4F72-80D5-D9658DFB0329}.DD Cart|x86.ActiveCfg = DD Cart|Win32
		{DA91B001-4FCF-4F72-80D5-D9658DFB0329}.DD Cart|x86.Build.0 = DD Cart|Win32
		{DA91B001-4FCF-4F72-80D5-D9658DFB0329}.Debug|x64.ActiveCfg = Debug|x64
		{DA91B001-4FCF-4F72-80D5-D9658DFB0329}.Debug|x64.Build.0 = Debug|x64
		{DA91B001-4FCF-4F72-80D5-D9658DFB0329}.Debug|x86.ActiveCfg = Debug|Win32
		{DA91B001-4FCF-4F72-80D5-D9658DFB0329}.Debug|x86.Build.0 = Debug|Win32
		{DA91B001-4FCF-4F72-80D5-D9658DFB0329}.Demo|x64.ActiveCfg = Demo|x64
		{DA91B001-4FCF-4F72-80D5-D9658DFB0329}.Demo|x64.Build.0 = Demo|x64
		{DA91B001-4FCF-4F72-80D5-D9658DFB0329}.Demo|x86.ActiveCfg = Demo|Win32
		{DA91B001-4FCF-4F72-80D5-D9658DFB0329}.Demo|x86.Build.0 = Demo|Win32
		{DA91B001-4FCF-4F72-80D5-D9658DFB0329}.PT3 Player|x64.ActiveCfg = PT3 Player|x64
		{DA91B001-4FCF-4F72-80D5-D9658DFB0329}.PT3 Player|x64.Build.0 = PT3 Player|x64
		{DA91B001-4FCF-4F72-80D5-D9658DFB0329}.PT3 Player|x86.ActiveCfg = PT3 Player|Win32
		{DA91B001-4FCF-4F72-80D5-D9658DFB0329}.PT3 Player|x86.Build.0 = PT3 Player|Win32
		{DA91B001-4FCF-4F72-80D5-D9658DFB0329}.Release|x64.ActiveCfg = Release|x64
		{DA91B001-4FCF-4F72-80D5-D9658DFB0329}.Release|x64.Build.0 = Release|x64
		{DA91B001-4FCF-4F72-80D5-D9658DFB0329}.Release|x86.ActiveCfg = Release|Win32
		{DA91B001-4FCF-4F72-80D5-D9658DFB0329}.Release|x86.Build.0 = Release|Win32
		{DA91B001-4FCF-4F72-80D5-D9658DFB0329}.USB|x64.ActiveCfg = USB|x64
		{DA91B001-4FCF-4F72-80D5-D9658DFB0329}.USB|x64.Build.0 = USB|x64
		{DA91B001-4FCF-4F72-80D5-D9658DFB0329}.USB|x86.ActiveCfg = USB|Win32
		{DA91B001-4FCF-4F72-80D5-D9658DFB0329}.USB|x86.Build.0 = USB|Win32
	EndGlobalSection
	GlobalSection(SolutionProperties) = preSolution
		HideSolutionNode = FALSE
	EndGlobalSection
	GlobalSection(ExtensibilityGlobals) = postSolution
		SolutionGuid = {50C48924-C42B-4FE7-A493-90D3E2ED0E5A}
	EndGlobalSection
EndGlobal
