
Microsoft Visual Studio Solution File, Format Version 12.00
# Visual Studio Version 17
VisualStudioVersion = 17.0.32112.339
MinimumVisualStudioVersion = 10.0.40219.1
Project("{8BC9CEB8-8B4A-11D0-8D11-00A0C91BC942}") = "aquarius-emu", "aquarius-emu.vcxproj", "{DA91B001-4FCF-4F72-80D5-D9658DFB0329}"
EndProject
Project("{54435603-DBB4-11D2-8724-00A0C9A8B90C}") = "Installer", "Installer\Installer.vdproj", "{9A10F3C9-609D-48BE-8903-EF4D76953718}"
EndProject
Global
	GlobalSection(SolutionConfigurationPlatforms) = preSolution
		Debug|x64 = Debug|x64
		Debug|x86 = Debug|x86
		Release|x64 = Release|x64
		Release|x86 = Release|x86
	EndGlobalSection
	GlobalSection(ProjectConfigurationPlatforms) = postSolution
		{DA91B001-4FCF-4F72-80D5-D9658DFB0329}.Debug|x64.ActiveCfg = Debug|x64
		{DA91B001-4FCF-4F72-80D5-D9658DFB0329}.Debug|x64.Build.0 = Debug|x64
		{DA91B001-4FCF-4F72-80D5-D9658DFB0329}.Debug|x86.ActiveCfg = Debug|Win32
		{DA91B001-4FCF-4F72-80D5-D9658DFB0329}.Debug|x86.Build.0 = Debug|Win32
		{DA91B001-4FCF-4F72-80D5-D9658DFB0329}.Release|x64.ActiveCfg = Release|x64
		{DA91B001-4FCF-4F72-80D5-D9658DFB0329}.Release|x64.Build.0 = Release|x64
		{DA91B001-4FCF-4F72-80D5-D9658DFB0329}.Release|x86.ActiveCfg = Release|Win32
		{DA91B001-4FCF-4F72-80D5-D9658DFB0329}.Release|x86.Build.0 = Release|Win32
		{9A10F3C9-609D-48BE-8903-EF4D76953718}.Debug|x64.ActiveCfg = Debug
		{9A10F3C9-609D-48BE-8903-EF4D76953718}.Debug|x86.ActiveCfg = Debug
		{9A10F3C9-609D-48BE-8903-EF4D76953718}.Release|x64.ActiveCfg = Release
		{9A10F3C9-609D-48BE-8903-EF4D76953718}.Release|x64.Build.0 = Release
		{9A10F3C9-609D-48BE-8903-EF4D76953718}.Release|x86.ActiveCfg = Release
	EndGlobalSection
	GlobalSection(SolutionProperties) = preSolution
		HideSolutionNode = FALSE
	EndGlobalSection
	GlobalSection(ExtensibilityGlobals) = postSolution
		SolutionGuid = {50C48924-C42B-4FE7-A493-90D3E2ED0E5A}
	EndGlobalSection
EndGlobal
