dependencies:
  espressif/xz:
    component_hash: 9a556b2c7f7450af379d28c6c1e999595ffeacddf11d4388fe869060f6fa2dab
    dependencies:
    - name: idf
      require: private
      version: '>=4.1'
    source:
      registry_url: https://components.espressif.com/
      type: service
    version: 1.0.0
  idf:
    source:
      type: idf
    version: 5.3.1
direct_dependencies:
- espressif/xz
- idf
manifest_hash: da48224c87f0e2c4e30f74cf507bd99c1c819f291c5d959c13446ba26ff73e0e
target: esp32s3
version: 2.0.0
