dependencies:
  espressif/mdns:
    component_hash: d8ae7aa491ff97aea1d00d514a1de42cdbaaf1bce10df183968fa5594b904de7
    source:
      service_url: https://api.components.espressif.com/
      type: service
    version: 1.2.5
  idf:
    component_hash: null
    source:
      type: idf
    version: 5.2.2
  nimble_central_utils:
    component_hash: null
    source:
      path: /Users/frank/Work/esp-idf/examples/bluetooth/nimble/common/nimble_central_utils
      type: local
    version: '*'
manifest_hash: 22dec49d5ef0d16b702cc61138ed1e96855959a7a07ea741e393d16b64a06cff
target: esp32s3
version: 1.0.0
