dependencies:
  espressif/mdns:
    component_hash: 810ec139689ae93bf42520d05de4855fbb68f7140ef67797d91d8d61829589cb
    source:
      service_url: https://api.components.espressif.com/
      type: service
    version: 1.2.2
  idf:
    component_hash: null
    source:
      type: idf
    version: 5.1.2
manifest_hash: b70396f0e8dc79409fc19fd7cc61ef926dd22267277b1c4dc1def3b666a5f24d
target: esp32s3
version: 1.0.0
